// !$*UTF8*$!
{
	archiveVersion = 1;
	classes = {
	};
	objectVersion = 55;
	objects = {

/* Begin PBXBuildFile section */
		973C46C82809C3FB00AC76A0 /* SeasonsVC.swift in Sources */ = {isa = PBXBuildFile; fileRef = 973C46C72809C3FB00AC76A0 /* SeasonsVC.swift */; };
		973C46CA2809C79300AC76A0 /* SeasonsView.swift in Sources */ = {isa = PBXBuildFile; fileRef = 973C46C92809C79300AC76A0 /* SeasonsView.swift */; };
		973C46CC2809C7AB00AC76A0 /* SeasonsNetworkService.swift in Sources */ = {isa = PBXBuildFile; fileRef = 973C46CB2809C7AB00AC76A0 /* SeasonsNetworkService.swift */; };
		973C46CE2809C7C300AC76A0 /* SeasonsPresenter.swift in Sources */ = {isa = PBXBuildFile; fileRef = 973C46CD2809C7C300AC76A0 /* SeasonsPresenter.swift */; };
		973C46D02809C7D800AC76A0 /* SeasonsModel.swift in Sources */ = {isa = PBXBuildFile; fileRef = 973C46CF2809C7D800AC76A0 /* SeasonsModel.swift */; };
		973C46D22809C7F100AC76A0 /* SeasonsCell.swift in Sources */ = {isa = PBXBuildFile; fileRef = 973C46D12809C7F100AC76A0 /* SeasonsCell.swift */; };
		973C46D52809C8C000AC76A0 /* LeaguesCoordinator.swift in Sources */ = {isa = PBXBuildFile; fileRef = 973C46D42809C8C000AC76A0 /* LeaguesCoordinator.swift */; };
		973C46D82809C92400AC76A0 /* SeasonsCoordinator.swift in Sources */ = {isa = PBXBuildFile; fileRef = 973C46D72809C92400AC76A0 /* SeasonsCoordinator.swift */; };
		973C46DB2809C9BB00AC76A0 /* NetworkResponseError.swift in Sources */ = {isa = PBXBuildFile; fileRef = 973C46DA2809C9BB00AC76A0 /* NetworkResponseError.swift */; };
		973C46DE2809D04000AC76A0 /* SelectedSeasonCoordinator.swift in Sources */ = {isa = PBXBuildFile; fileRef = 973C46DD2809D04000AC76A0 /* SelectedSeasonCoordinator.swift */; };
		973C46E02809D04900AC76A0 /* SelectedSeasonVC.swift in Sources */ = {isa = PBXBuildFile; fileRef = 973C46DF2809D04900AC76A0 /* SelectedSeasonVC.swift */; };
		973C46E22809D05B00AC76A0 /* SelectedSeasonView.swift in Sources */ = {isa = PBXBuildFile; fileRef = 973C46E12809D05B00AC76A0 /* SelectedSeasonView.swift */; };
		973C46E42809D06500AC76A0 /* SelectedSeasonNetworkService.swift in Sources */ = {isa = PBXBuildFile; fileRef = 973C46E32809D06500AC76A0 /* SelectedSeasonNetworkService.swift */; };
		973C46E62809D07300AC76A0 /* SelectedSeasonPresenter.swift in Sources */ = {isa = PBXBuildFile; fileRef = 973C46E52809D07300AC76A0 /* SelectedSeasonPresenter.swift */; };
		973C46E82809D07B00AC76A0 /* SelectedSeasonModel.swift in Sources */ = {isa = PBXBuildFile; fileRef = 973C46E72809D07B00AC76A0 /* SelectedSeasonModel.swift */; };
		973C46EA2809D09200AC76A0 /* SelectedSeasonCell.swift in Sources */ = {isa = PBXBuildFile; fileRef = 973C46E92809D09200AC76A0 /* SelectedSeasonCell.swift */; };
		973C46ED280A097D00AC76A0 /* UIViewController+ErrorAlert.swift in Sources */ = {isa = PBXBuildFile; fileRef = 973C46EC280A097D00AC76A0 /* UIViewController+ErrorAlert.swift */; };
		9765D09128096FFD00A26551 /* AppDelegate.swift in Sources */ = {isa = PBXBuildFile; fileRef = 9765D09028096FFD00A26551 /* AppDelegate.swift */; };
		9765D09328096FFD00A26551 /* SceneDelegate.swift in Sources */ = {isa = PBXBuildFile; fileRef = 9765D09228096FFD00A26551 /* SceneDelegate.swift */; };
		9765D09528096FFD00A26551 /* LeaguesVC.swift in Sources */ = {isa = PBXBuildFile; fileRef = 9765D09428096FFD00A26551 /* LeaguesVC.swift */; };
		9765D09A2809700200A26551 /* Assets.xcassets in Resources */ = {isa = PBXBuildFile; fileRef = 9765D0992809700200A26551 /* Assets.xcassets */; };
		9765D09D2809700200A26551 /* LaunchScreen.storyboard in Resources */ = {isa = PBXBuildFile; fileRef = 9765D09B2809700200A26551 /* LaunchScreen.storyboard */; };
		9765D0A9280971DA00A26551 /* LeaguesView.swift in Sources */ = {isa = PBXBuildFile; fileRef = 9765D0A8280971DA00A26551 /* LeaguesView.swift */; };
		9765D0AE28098DD100A26551 /* LeaguesCell.swift in Sources */ = {isa = PBXBuildFile; fileRef = 9765D0AD28098DD100A26551 /* LeaguesCell.swift */; };
		9765D0D02809984400A26551 /* LeaguesModel.swift in Sources */ = {isa = PBXBuildFile; fileRef = 9765D0CF2809984400A26551 /* LeaguesModel.swift */; };
		9765D0D32809A27100A26551 /* LeaguesNetworkService.swift in Sources */ = {isa = PBXBuildFile; fileRef = 9765D0D22809A27100A26551 /* LeaguesNetworkService.swift */; };
		9765D0D52809A85C00A26551 /* UIImageView+LoadImage.swift in Sources */ = {isa = PBXBuildFile; fileRef = 9765D0D42809A85C00A26551 /* UIImageView+LoadImage.swift */; };
		9765D0D72809B35200A26551 /* LeaguesPresenter.swift in Sources */ = {isa = PBXBuildFile; fileRef = 9765D0D62809B35200A26551 /* LeaguesPresenter.swift */; };
		9765D0D92809B77100A26551 /* AppCoordinator.swift in Sources */ = {isa = PBXBuildFile; fileRef = 9765D0D82809B77100A26551 /* AppCoordinator.swift */; };
/* End PBXBuildFile section */

/* Begin PBXFileReference section */
		973C46C72809C3FB00AC76A0 /* SeasonsVC.swift */ = {isa = PBXFileReference; lastKnownFileType = sourcecode.swift; path = SeasonsVC.swift; sourceTree = "<group>"; };
		973C46C92809C79300AC76A0 /* SeasonsView.swift */ = {isa = PBXFileReference; lastKnownFileType = sourcecode.swift; path = SeasonsView.swift; sourceTree = "<group>"; };
		973C46CB2809C7AB00AC76A0 /* SeasonsNetworkService.swift */ = {isa = PBXFileReference; lastKnownFileType = sourcecode.swift; path = SeasonsNetworkService.swift; sourceTree = "<group>"; };
		973C46CD2809C7C300AC76A0 /* SeasonsPresenter.swift */ = {isa = PBXFileReference; lastKnownFileType = sourcecode.swift; path = SeasonsPresenter.swift; sourceTree = "<group>"; };
		973C46CF2809C7D800AC76A0 /* SeasonsModel.swift */ = {isa = PBXFileReference; lastKnownFileType = sourcecode.swift; path = SeasonsModel.swift; sourceTree = "<group>"; };
		973C46D12809C7F100AC76A0 /* SeasonsCell.swift */ = {isa = PBXFileReference; lastKnownFileType = sourcecode.swift; path = SeasonsCell.swift; sourceTree = "<group>"; };
		973C46D42809C8C000AC76A0 /* LeaguesCoordinator.swift */ = {isa = PBXFileReference; lastKnownFileType = sourcecode.swift; path = LeaguesCoordinator.swift; sourceTree = "<group>"; };
		973C46D72809C92400AC76A0 /* SeasonsCoordinator.swift */ = {isa = PBXFileReference; lastKnownFileType = sourcecode.swift; path = SeasonsCoordinator.swift; sourceTree = "<group>"; };
		973C46DA2809C9BB00AC76A0 /* NetworkResponseError.swift */ = {isa = PBXFileReference; lastKnownFileType = sourcecode.swift; path = NetworkResponseError.swift; sourceTree = "<group>"; };
		973C46DD2809D04000AC76A0 /* SelectedSeasonCoordinator.swift */ = {isa = PBXFileReference; lastKnownFileType = sourcecode.swift; path = SelectedSeasonCoordinator.swift; sourceTree = "<group>"; };
		973C46DF2809D04900AC76A0 /* SelectedSeasonVC.swift */ = {isa = PBXFileReference; lastKnownFileType = sourcecode.swift; path = SelectedSeasonVC.swift; sourceTree = "<group>"; };
		973C46E12809D05B00AC76A0 /* SelectedSeasonView.swift */ = {isa = PBXFileReference; lastKnownFileType = sourcecode.swift; path = SelectedSeasonView.swift; sourceTree = "<group>"; };
		973C46E32809D06500AC76A0 /* SelectedSeasonNetworkService.swift */ = {isa = PBXFileReference; lastKnownFileType = sourcecode.swift; path = SelectedSeasonNetworkService.swift; sourceTree = "<group>"; };
		973C46E52809D07300AC76A0 /* SelectedSeasonPresenter.swift */ = {isa = PBXFileReference; lastKnownFileType = sourcecode.swift; path = SelectedSeasonPresenter.swift; sourceTree = "<group>"; };
		973C46E72809D07B00AC76A0 /* SelectedSeasonModel.swift */ = {isa = PBXFileReference; lastKnownFileType = sourcecode.swift; path = SelectedSeasonModel.swift; sourceTree = "<group>"; };
		973C46E92809D09200AC76A0 /* SelectedSeasonCell.swift */ = {isa = PBXFileReference; lastKnownFileType = sourcecode.swift; path = SelectedSeasonCell.swift; sourceTree = "<group>"; };
		973C46EC280A097D00AC76A0 /* UIViewController+ErrorAlert.swift */ = {isa = PBXFileReference; lastKnownFileType = sourcecode.swift; path = "UIViewController+ErrorAlert.swift"; sourceTree = "<group>"; };
		9765D08D28096FFD00A26551 /* SwiftFootballStandings.app */ = {isa = PBXFileReference; explicitFileType = wrapper.application; includeInIndex = 0; path = SwiftFootballStandings.app; sourceTree = BUILT_PRODUCTS_DIR; };
		9765D09028096FFD00A26551 /* AppDelegate.swift */ = {isa = PBXFileReference; lastKnownFileType = sourcecode.swift; path = AppDelegate.swift; sourceTree = "<group>"; };
		9765D09228096FFD00A26551 /* SceneDelegate.swift */ = {isa = PBXFileReference; lastKnownFileType = sourcecode.swift; path = SceneDelegate.swift; sourceTree = "<group>"; };
		9765D09428096FFD00A26551 /* LeaguesVC.swift */ = {isa = PBXFileReference; lastKnownFileType = sourcecode.swift; path = LeaguesVC.swift; sourceTree = "<group>"; };
		9765D0992809700200A26551 /* Assets.xcassets */ = {isa = PBXFileReference; lastKnownFileType = folder.assetcatalog; path = Assets.xcassets; sourceTree = "<group>"; };
		9765D09C2809700200A26551 /* Base */ = {isa = PBXFileReference; lastKnownFileType = file.storyboard; name = Base; path = Base.lproj/LaunchScreen.storyboard; sourceTree = "<group>"; };
		9765D09E2809700200A26551 /* Info.plist */ = {isa = PBXFileReference; lastKnownFileType = text.plist.xml; path = Info.plist; sourceTree = "<group>"; };
		9765D0A8280971DA00A26551 /* LeaguesView.swift */ = {isa = PBXFileReference; lastKnownFileType = sourcecode.swift; path = LeaguesView.swift; sourceTree = "<group>"; };
		9765D0AD28098DD100A26551 /* LeaguesCell.swift */ = {isa = PBXFileReference; lastKnownFileType = sourcecode.swift; path = LeaguesCell.swift; sourceTree = "<group>"; };
		9765D0CF2809984400A26551 /* LeaguesModel.swift */ = {isa = PBXFileReference; lastKnownFileType = sourcecode.swift; path = LeaguesModel.swift; sourceTree = "<group>"; };
		9765D0D22809A27100A26551 /* LeaguesNetworkService.swift */ = {isa = PBXFileReference; lastKnownFileType = sourcecode.swift; path = LeaguesNetworkService.swift; sourceTree = "<group>"; };
		9765D0D42809A85C00A26551 /* UIImageView+LoadImage.swift */ = {isa = PBXFileReference; lastKnownFileType = sourcecode.swift; path = "UIImageView+LoadImage.swift"; sourceTree = "<group>"; };
		9765D0D62809B35200A26551 /* LeaguesPresenter.swift */ = {isa = PBXFileReference; lastKnownFileType = sourcecode.swift; path = LeaguesPresenter.swift; sourceTree = "<group>"; };
		9765D0D82809B77100A26551 /* AppCoordinator.swift */ = {isa = PBXFileReference; lastKnownFileType = sourcecode.swift; path = AppCoordinator.swift; sourceTree = "<group>"; };
/* End PBXFileReference section */

/* Begin PBXFrameworksBuildPhase section */
		9765D08A28096FFD00A26551 /* Frameworks */ = {
			isa = PBXFrameworksBuildPhase;
			buildActionMask = 2147483647;
			files = (
			);
			runOnlyForDeploymentPostprocessing = 0;
		};
/* End PBXFrameworksBuildPhase section */

/* Begin PBXGroup section */
		973C46C62809C3DC00AC76A0 /* Seasons */ = {
			isa = PBXGroup;
			children = (
				973C46D72809C92400AC76A0 /* SeasonsCoordinator.swift */,
				973C46C72809C3FB00AC76A0 /* SeasonsVC.swift */,
				973C46CD2809C7C300AC76A0 /* SeasonsPresenter.swift */,
				973C46CB2809C7AB00AC76A0 /* SeasonsNetworkService.swift */,
				973C46C92809C79300AC76A0 /* SeasonsView.swift */,
				973C46CF2809C7D800AC76A0 /* SeasonsModel.swift */,
				973C46D12809C7F100AC76A0 /* SeasonsCell.swift */,
			);
			path = Seasons;
			sourceTree = "<group>";
		};
		973C46D62809C8FC00AC76A0 /* Coordinator */ = {
			isa = PBXGroup;
			children = (
				9765D0D82809B77100A26551 /* AppCoordinator.swift */,
			);
			path = Coordinator;
			sourceTree = "<group>";
		};
		973C46D92809C9AE00AC76A0 /* enum */ = {
			isa = PBXGroup;
			children = (
				973C46DA2809C9BB00AC76A0 /* NetworkResponseError.swift */,
			);
			path = enum;
			sourceTree = "<group>";
		};
		973C46DC2809CD9E00AC76A0 /* SelectedSeason */ = {
			isa = PBXGroup;
			children = (
				973C46DD2809D04000AC76A0 /* SelectedSeasonCoordinator.swift */,
				973C46DF2809D04900AC76A0 /* SelectedSeasonVC.swift */,
				973C46E12809D05B00AC76A0 /* SelectedSeasonView.swift */,
				973C46E32809D06500AC76A0 /* SelectedSeasonNetworkService.swift */,
				973C46E52809D07300AC76A0 /* SelectedSeasonPresenter.swift */,
				973C46E72809D07B00AC76A0 /* SelectedSeasonModel.swift */,
				973C46E92809D09200AC76A0 /* SelectedSeasonCell.swift */,
			);
			path = SelectedSeason;
			sourceTree = "<group>";
		};
		9765D08428096FFD00A26551 = {
			isa = PBXGroup;
			children = (
				9765D08F28096FFD00A26551 /* SwiftFootballStandings */,
				9765D08E28096FFD00A26551 /* Products */,
			);
			sourceTree = "<group>";
		};
		9765D08E28096FFD00A26551 /* Products */ = {
			isa = PBXGroup;
			children = (
				9765D08D28096FFD00A26551 /* SwiftFootballStandings.app */,
			);
			name = Products;
			sourceTree = "<group>";
		};
		9765D08F28096FFD00A26551 /* SwiftFootballStandings */ = {
			isa = PBXGroup;
			children = (
				9765D0AA2809793700A26551 /* Leagues */,
				973C46C62809C3DC00AC76A0 /* Seasons */,
				973C46DC2809CD9E00AC76A0 /* SelectedSeason */,
				9765D0A4280970CA00A26551 /* Common */,
			);
			path = SwiftFootballStandings;
			sourceTree = "<group>";
		};
		9765D0A4280970CA00A26551 /* Common */ = {
			isa = PBXGroup;
			children = (
				973C46D92809C9AE00AC76A0 /* enum */,
				973C46D62809C8FC00AC76A0 /* Coordinator */,
				9765D0DA2809BDC100A26551 /* Extension */,
				9765D0A72809714C00A26551 /* LaunchScreen */,
				9765D0A6280970EB00A26551 /* Resources */,
				9765D0A5280970DC00A26551 /* AppDelegates */,
			);
			path = Common;
			sourceTree = "<group>";
		};
		9765D0A5280970DC00A26551 /* AppDelegates */ = {
			isa = PBXGroup;
			children = (
				9765D09228096FFD00A26551 /* SceneDelegate.swift */,
				9765D09028096FFD00A26551 /* AppDelegate.swift */,
			);
			path = AppDelegates;
			sourceTree = "<group>";
		};
		9765D0A6280970EB00A26551 /* Resources */ = {
			isa = PBXGroup;
			children = (
				9765D09E2809700200A26551 /* Info.plist */,
				9765D0992809700200A26551 /* Assets.xcassets */,
			);
			path = Resources;
			sourceTree = "<group>";
		};
		9765D0A72809714C00A26551 /* LaunchScreen */ = {
			isa = PBXGroup;
			children = (
				9765D09B2809700200A26551 /* LaunchScreen.storyboard */,
			);
			path = LaunchScreen;
			sourceTree = "<group>";
		};
		9765D0AA2809793700A26551 /* Leagues */ = {
			isa = PBXGroup;
			children = (
				973C46D42809C8C000AC76A0 /* LeaguesCoordinator.swift */,
				9765D0AD28098DD100A26551 /* LeaguesCell.swift */,
				9765D0CF2809984400A26551 /* LeaguesModel.swift */,
				9765D0D22809A27100A26551 /* LeaguesNetworkService.swift */,
				9765D0D62809B35200A26551 /* LeaguesPresenter.swift */,
				9765D09428096FFD00A26551 /* LeaguesVC.swift */,
				9765D0A8280971DA00A26551 /* LeaguesView.swift */,
			);
			path = Leagues;
			sourceTree = "<group>";
		};
		9765D0DA2809BDC100A26551 /* Extension */ = {
			isa = PBXGroup;
			children = (
				9765D0D42809A85C00A26551 /* UIImageView+LoadImage.swift */,
				973C46EC280A097D00AC76A0 /* UIViewController+ErrorAlert.swift */,
			);
			path = Extension;
			sourceTree = "<group>";
		};
/* End PBXGroup section */

/* Begin PBXNativeTarget section */
		9765D08C28096FFD00A26551 /* SwiftFootballStandings */ = {
			isa = PBXNativeTarget;
			buildConfigurationList = 9765D0A12809700200A26551 /* Build configuration list for PBXNativeTarget "SwiftFootballStandings" */;
			buildPhases = (
				9765D08928096FFD00A26551 /* Sources */,
				9765D08A28096FFD00A26551 /* Frameworks */,
				9765D08B28096FFD00A26551 /* Resources */,
			);
			buildRules = (
			);
			dependencies = (
			);
			name = SwiftFootballStandings;
			productName = SwiftFootballStandings;
			productReference = 9765D08D28096FFD00A26551 /* SwiftFootballStandings.app */;
			productType = "com.apple.product-type.application";
		};
/* End PBXNativeTarget section */

/* Begin PBXProject section */
		9765D08528096FFD00A26551 /* Project object */ = {
			isa = PBXProject;
			attributes = {
				BuildIndependentTargetsInParallel = 1;
				LastSwiftUpdateCheck = 1330;
				LastUpgradeCheck = 1330;
				TargetAttributes = {
					9765D08C28096FFD00A26551 = {
						CreatedOnToolsVersion = 13.3.1;
					};
				};
			};
			buildConfigurationList = 9765D08828096FFD00A26551 /* Build configuration list for PBXProject "SwiftFootballStandings" */;
			compatibilityVersion = "Xcode 13.0";
			developmentRegion = en;
			hasScannedForEncodings = 0;
			knownRegions = (
				en,
				Base,
			);
			mainGroup = 9765D08428096FFD00A26551;
			productRefGroup = 9765D08E28096FFD00A26551 /* Products */;
			projectDirPath = "";
			projectRoot = "";
			targets = (
				9765D08C28096FFD00A26551 /* SwiftFootballStandings */,
			);
		};
/* End PBXProject section */

/* Begin PBXResourcesBuildPhase section */
		9765D08B28096FFD00A26551 /* Resources */ = {
			isa = PBXResourcesBuildPhase;
			buildActionMask = 2147483647;
			files = (
				9765D09D2809700200A26551 /* LaunchScreen.storyboard in Resources */,
				9765D09A2809700200A26551 /* Assets.xcassets in Resources */,
			);
			runOnlyForDeploymentPostprocessing = 0;
		};
/* End PBXResourcesBuildPhase section */

/* Begin PBXSourcesBuildPhase section */
		9765D08928096FFD00A26551 /* Sources */ = {
			isa = PBXSourcesBuildPhase;
			buildActionMask = 2147483647;
			files = (
				973C46ED280A097D00AC76A0 /* UIViewController+ErrorAlert.swift in Sources */,
				973C46CC2809C7AB00AC76A0 /* SeasonsNetworkService.swift in Sources */,
				973C46C82809C3FB00AC76A0 /* SeasonsVC.swift in Sources */,
				973C46E42809D06500AC76A0 /* SelectedSeasonNetworkService.swift in Sources */,
				9765D0AE28098DD100A26551 /* LeaguesCell.swift in Sources */,
				973C46D02809C7D800AC76A0 /* SeasonsModel.swift in Sources */,
				973C46EA2809D09200AC76A0 /* SelectedSeasonCell.swift in Sources */,
				973C46CE2809C7C300AC76A0 /* SeasonsPresenter.swift in Sources */,
				973C46E02809D04900AC76A0 /* SelectedSeasonVC.swift in Sources */,
				9765D0D72809B35200A26551 /* LeaguesPresenter.swift in Sources */,
				973C46CA2809C79300AC76A0 /* SeasonsView.swift in Sources */,
				973C46D82809C92400AC76A0 /* SeasonsCoordinator.swift in Sources */,
				973C46E82809D07B00AC76A0 /* SelectedSeasonModel.swift in Sources */,
				9765D0D52809A85C00A26551 /* UIImageView+LoadImage.swift in Sources */,
				973C46D22809C7F100AC76A0 /* SeasonsCell.swift in Sources */,
				9765D0D32809A27100A26551 /* LeaguesNetworkService.swift in Sources */,
				973C46D52809C8C000AC76A0 /* LeaguesCoordinator.swift in Sources */,
				973C46DE2809D04000AC76A0 /* SelectedSeasonCoordinator.swift in Sources */,
				9765D0D92809B77100A26551 /* AppCoordinator.swift in Sources */,
				9765D09528096FFD00A26551 /* LeaguesVC.swift in Sources */,
				9765D09128096FFD00A26551 /* AppDelegate.swift in Sources */,
				973C46E62809D07300AC76A0 /* SelectedSeasonPresenter.swift in Sources */,
				9765D09328096FFD00A26551 /* SceneDelegate.swift in Sources */,
				973C46DB2809C9BB00AC76A0 /* NetworkResponseError.swift in Sources */,
				9765D0A9280971DA00A26551 /* LeaguesView.swift in Sources */,
				973C46E22809D05B00AC76A0 /* SelectedSeasonView.swift in Sources */,
				9765D0D02809984400A26551 /* LeaguesModel.swift in Sources */,
			);
			runOnlyForDeploymentPostprocessing = 0;
		};
/* End PBXSourcesBuildPhase section */

/* Begin PBXVariantGroup section */
		9765D09B2809700200A26551 /* LaunchScreen.storyboard */ = {
			isa = PBXVariantGroup;
			children = (
				9765D09C2809700200A26551 /* Base */,
			);
			name = LaunchScreen.storyboard;
			sourceTree = "<group>";
		};
/* End PBXVariantGroup section */

/* Begin XCBuildConfiguration section */
		9765D09F2809700200A26551 /* Debug */ = {
			isa = XCBuildConfiguration;
			buildSettings = {
				ALWAYS_SEARCH_USER_PATHS = NO;
				CLANG_ANALYZER_NONNULL = YES;
				CLANG_ANALYZER_NUMBER_OBJECT_CONVERSION = YES_AGGRESSIVE;
				CLANG_CXX_LANGUAGE_STANDARD = "gnu++17";
				CLANG_ENABLE_MODULES = YES;
				CLANG_ENABLE_OBJC_ARC = YES;
				CLANG_ENABLE_OBJC_WEAK = YES;
				CLANG_WARN_BLOCK_CAPTURE_AUTORELEASING = YES;
				CLANG_WARN_BOOL_CONVERSION = YES;
				CLANG_WARN_COMMA = YES;
				CLANG_WARN_CONSTANT_CONVERSION = YES;
				CLANG_WARN_DEPRECATED_OBJC_IMPLEMENTATIONS = YES;
				CLANG_WARN_DIRECT_OBJC_ISA_USAGE = YES_ERROR;
				CLANG_WARN_DOCUMENTATION_COMMENTS = YES;
				CLANG_WARN_EMPTY_BODY = YES;
				CLANG_WARN_ENUM_CONVERSION = YES;
				CLANG_WARN_INFINITE_RECURSION = YES;
				CLANG_WARN_INT_CONVERSION = YES;
				CLANG_WARN_NON_LITERAL_NULL_CONVERSION = YES;
				CLANG_WARN_OBJC_IMPLICIT_RETAIN_SELF = YES;
				CLANG_WARN_OBJC_LITERAL_CONVERSION = YES;
				CLANG_WARN_OBJC_ROOT_CLASS = YES_ERROR;
				CLANG_WARN_QUOTED_INCLUDE_IN_FRAMEWORK_HEADER = YES;
				CLANG_WARN_RANGE_LOOP_ANALYSIS = YES;
				CLANG_WARN_STRICT_PROTOTYPES = YES;
				CLANG_WARN_SUSPICIOUS_MOVE = YES;
				CLANG_WARN_UNGUARDED_AVAILABILITY = YES_AGGRESSIVE;
				CLANG_WARN_UNREACHABLE_CODE = YES;
				CLANG_WARN__DUPLICATE_METHOD_MATCH = YES;
				COPY_PHASE_STRIP = NO;
				DEBUG_INFORMATION_FORMAT = dwarf;
				ENABLE_STRICT_OBJC_MSGSEND = YES;
				ENABLE_TESTABILITY = YES;
				GCC_C_LANGUAGE_STANDARD = gnu11;
				GCC_DYNAMIC_NO_PIC = NO;
				GCC_NO_COMMON_BLOCKS = YES;
				GCC_OPTIMIZATION_LEVEL = 0;
				GCC_PREPROCESSOR_DEFINITIONS = (
					"DEBUG=1",
					"$(inherited)",
				);
				GCC_WARN_64_TO_32_BIT_CONVERSION = YES;
				GCC_WARN_ABOUT_RETURN_TYPE = YES_ERROR;
				GCC_WARN_UNDECLARED_SELECTOR = YES;
				GCC_WARN_UNINITIALIZED_AUTOS = YES_AGGRESSIVE;
				GCC_WARN_UNUSED_FUNCTION = YES;
				GCC_WARN_UNUSED_VARIABLE = YES;
				IPHONEOS_DEPLOYMENT_TARGET = 15.4;
				MTL_ENABLE_DEBUG_INFO = INCLUDE_SOURCE;
				MTL_FAST_MATH = YES;
				ONLY_ACTIVE_ARCH = YES;
				SDKROOT = iphoneos;
				SWIFT_ACTIVE_COMPILATION_CONDITIONS = DEBUG;
				SWIFT_OPTIMIZATION_LEVEL = "-Onone";
			};
			name = Debug;
		};
		9765D0A02809700200A26551 /* Release */ = {
			isa = XCBuildConfiguration;
			buildSettings = {
				ALWAYS_SEARCH_USER_PATHS = NO;
				CLANG_ANALYZER_NONNULL = YES;
				CLANG_ANALYZER_NUMBER_OBJECT_CONVERSION = YES_AGGRESSIVE;
				CLANG_CXX_LANGUAGE_STANDARD = "gnu++17";
				CLANG_ENABLE_MODULES = YES;
				CLANG_ENABLE_OBJC_ARC = YES;
				CLANG_ENABLE_OBJC_WEAK = YES;
				CLANG_WARN_BLOCK_CAPTURE_AUTORELEASING = YES;
				CLANG_WARN_BOOL_CONVERSION = YES;
				CLANG_WARN_COMMA = YES;
				CLANG_WARN_CONSTANT_CONVERSION = YES;
				CLANG_WARN_DEPRECATED_OBJC_IMPLEMENTATIONS = YES;
				CLANG_WARN_DIRECT_OBJC_ISA_USAGE = YES_ERROR;
				CLANG_WARN_DOCUMENTATION_COMMENTS = YES;
				CLANG_WARN_EMPTY_BODY = YES;
				CLANG_WARN_ENUM_CONVERSION = YES;
				CLANG_WARN_INFINITE_RECURSION = YES;
				CLANG_WARN_INT_CONVERSION = YES;
				CLANG_WARN_NON_LITERAL_NULL_CONVERSION = YES;
				CLANG_WARN_OBJC_IMPLICIT_RETAIN_SELF = YES;
				CLANG_WARN_OBJC_LITERAL_CONVERSION = YES;
				CLANG_WARN_OBJC_ROOT_CLASS = YES_ERROR;
				CLANG_WARN_QUOTED_INCLUDE_IN_FRAMEWORK_HEADER = YES;
				CLANG_WARN_RANGE_LOOP_ANALYSIS = YES;
				CLANG_WARN_STRICT_PROTOTYPES = YES;
				CLANG_WARN_SUSPICIOUS_MOVE = YES;
				CLANG_WARN_UNGUARDED_AVAILABILITY = YES_AGGRESSIVE;
				CLANG_WARN_UNREACHABLE_CODE = YES;
				CLANG_WARN__DUPLICATE_METHOD_MATCH = YES;
				COPY_PHASE_STRIP = NO;
				DEBUG_INFORMATION_FORMAT = "dwarf-with-dsym";
				ENABLE_NS_ASSERTIONS = NO;
				ENABLE_STRICT_OBJC_MSGSEND = YES;
				GCC_C_LANGUAGE_STANDARD = gnu11;
				GCC_NO_COMMON_BLOCKS = YES;
				GCC_WARN_64_TO_32_BIT_CONVERSION = YES;
				GCC_WARN_ABOUT_RETURN_TYPE = YES_ERROR;
				GCC_WARN_UNDECLARED_SELECTOR = YES;
				GCC_WARN_UNINITIALIZED_AUTOS = YES_AGGRESSIVE;
				GCC_WARN_UNUSED_FUNCTION = YES;
				GCC_WARN_UNUSED_VARIABLE = YES;
				IPHONEOS_DEPLOYMENT_TARGET = 15.4;
				MTL_ENABLE_DEBUG_INFO = NO;
				MTL_FAST_MATH = YES;
				SDKROOT = iphoneos;
				SWIFT_COMPILATION_MODE = wholemodule;
				SWIFT_OPTIMIZATION_LEVEL = "-O";
				VALIDATE_PRODUCT = YES;
			};
			name = Release;
		};
		9765D0A22809700200A26551 /* Debug */ = {
			isa = XCBuildConfiguration;
			buildSettings = {
				ASSETCATALOG_COMPILER_APPICON_NAME = AppIcon;
				ASSETCATALOG_COMPILER_GLOBAL_ACCENT_COLOR_NAME = AccentColor;
				CODE_SIGN_STYLE = Automatic;
				CURRENT_PROJECT_VERSION = 1;
				DEVELOPMENT_TEAM = 68FXT4UH73;
				GENERATE_INFOPLIST_FILE = YES;
				INFOPLIST_FILE = SwiftFootballStandings/Common/Resources/Info.plist;
				INFOPLIST_KEY_UIApplicationSupportsIndirectInputEvents = YES;
				INFOPLIST_KEY_UILaunchStoryboardName = LaunchScreen;
				INFOPLIST_KEY_UISupportedInterfaceOrientations_iPad = "UIInterfaceOrientationPortrait UIInterfaceOrientationPortraitUpsideDown UIInterfaceOrientationLandscapeLeft UIInterfaceOrientationLandscapeRight";
				INFOPLIST_KEY_UISupportedInterfaceOrientations_iPhone = "UIInterfaceOrientationPortrait UIInterfaceOrientationLandscapeLeft UIInterfaceOrientationLandscapeRight";
				LD_RUNPATH_SEARCH_PATHS = (
					"$(inherited)",
					"@executable_path/Frameworks",
				);
				MARKETING_VERSION = 1.0;
				PRODUCT_BUNDLE_IDENTIFIER = com.yegorskikh.SwiftFootballStandings;
				PRODUCT_NAME = "$(TARGET_NAME)";
				SWIFT_EMIT_LOC_STRINGS = YES;
				SWIFT_VERSION = 5.0;
				TARGETED_DEVICE_FAMILY = "1,2";
			};
			name = Debug;
		};
		9765D0A32809700200A26551 /* Release */ = {
			isa = XCBuildConfiguration;
			buildSettings = {
				ASSETCATALOG_COMPILER_APPICON_NAME = AppIcon;
				ASSETCATALOG_COMPILER_GLOBAL_ACCENT_COLOR_NAME = AccentColor;
				CODE_SIGN_STYLE = Automatic;
				CURRENT_PROJECT_VERSION = 1;
				DEVELOPMENT_TEAM = 68FXT4UH73;
				GENERATE_INFOPLIST_FILE = YES;
				INFOPLIST_FILE = SwiftFootballStandings/Common/Resources/Info.plist;
				INFOPLIST_KEY_UIApplicationSupportsIndirectInputEvents = YES;
				INFOPLIST_KEY_UILaunchStoryboardName = LaunchScreen;
				INFOPLIST_KEY_UISupportedInterfaceOrientations_iPad = "UIInterfaceOrientationPortrait UIInterfaceOrientationPortraitUpsideDown UIInterfaceOrientationLandscapeLeft UIInterfaceOrientationLandscapeRight";
				INFOPLIST_KEY_UISupportedInterfaceOrientations_iPhone = "UIInterfaceOrientationPortrait UIInterfaceOrientationLandscapeLeft UIInterfaceOrientationLandscapeRight";
				LD_RUNPATH_SEARCH_PATHS = (
					"$(inherited)",
					"@executable_path/Frameworks",
				);
				MARKETING_VERSION = 1.0;
				PRODUCT_BUNDLE_IDENTIFIER = com.yegorskikh.SwiftFootballStandings;
				PRODUCT_NAME = "$(TARGET_NAME)";
				SWIFT_EMIT_LOC_STRINGS = YES;
				SWIFT_VERSION = 5.0;
				TARGETED_DEVICE_FAMILY = "1,2";
			};
			name = Release;
		};
/* End XCBuildConfiguration section */

/* Begin XCConfigurationList section */
		9765D08828096FFD00A26551 /* Build configuration list for PBXProject "SwiftFootballStandings" */ = {
			isa = XCConfigurationList;
			buildConfigurations = (
				9765D09F2809700200A26551 /* Debug */,
				9765D0A02809700200A26551 /* Release */,
			);
			defaultConfigurationIsVisible = 0;
			defaultConfigurationName = Release;
		};
		9765D0A12809700200A26551 /* Build configuration list for PBXNativeTarget "SwiftFootballStandings" */ = {
			isa = XCConfigurationList;
			buildConfigurations = (
				9765D0A22809700200A26551 /* Debug */,
				9765D0A32809700200A26551 /* Release */,
			);
			defaultConfigurationIsVisible = 0;
			defaultConfigurationName = Release;
		};
/* End XCConfigurationList section */
	};
	rootObject = 9765D08528096FFD00A26551 /* Project object */;
}
